// !$*UTF8*$!
{
	archiveVersion = 1;
	classes = {
	};
	objectVersion = 46;
	objects = {

/* Begin PBXBuildFile section */
		C08544491CAA725B00969CBC /* AppDelegate.swift in Sources */ = {isa = PBXBuildFile; fileRef = C08544481CAA725B00969CBC /* AppDelegate.swift */; };
		C085444B1CAA725B00969CBC /* ViewController.swift in Sources */ = {isa = PBXBuildFile; fileRef = C085444A1CAA725B00969CBC /* ViewController.swift */; };
		C085444E1CAA725B00969CBC /* Main.storyboard in Resources */ = {isa = PBXBuildFile; fileRef = C085444C1CAA725B00969CBC /* Main.storyboard */; };
		C08544501CAA725B00969CBC /* Assets.xcassets in Resources */ = {isa = PBXBuildFile; fileRef = C085444F1CAA725B00969CBC /* Assets.xcassets */; };
		C08544531CAA725B00969CBC /* LaunchScreen.storyboard in Resources */ = {isa = PBXBuildFile; fileRef = C08544511CAA725B00969CBC /* LaunchScreen.storyboard */; };
/* End PBXBuildFile section */

/* Begin PBXFileReference section */
		C08544451CAA725B00969CBC /* RandomColorWithMusic.app */ = {isa = PBXFileReference; explicitFileType = wrapper.application; includeInIndex = 0; path = RandomColorWithMusic.app; sourceTree = BUILT_PRODUCTS_DIR; };
		C08544481CAA725B00969CBC /* AppDelegate.swift */ = {isa = PBXFileReference; lastKnownFileType = sourcecode.swift; path = AppDelegate.swift; sourceTree = "<group>"; };
		C085444A1CAA725B00969CBC /* ViewController.swift */ = {isa = PBXFileReference; lastKnownFileType = sourcecode.swift; path = ViewController.swift; sourceTree = "<group>"; };
		C085444D1CAA725B00969CBC /* Base */ = {isa = PBXFileReference; lastKnownFileType = file.storyboard; name = Base; path = Base.lproj/Main.storyboard; sourceTree = "<group>"; };
		C085444F1CAA725B00969CBC /* Assets.xcassets */ = {isa = PBXFileReference; lastKnownFileType = folder.assetcatalog; path = Assets.xcassets; sourceTree = "<group>"; };
		C08544521CAA725B00969CBC /* Base */ = {isa = PBXFileReference; lastKnownFileType = file.storyboard; name = Base; path = Base.lproj/LaunchScreen.storyboard; sourceTree = "<group>"; };
		C08544541CAA725B00969CBC /* Info.plist */ = {isa = PBXFileReference; lastKnownFileType = text.plist.xml; path = Info.plist; sourceTree = "<group>"; };
/* End PBXFileReference section */

/* Begin PBXFrameworksBuildPhase section */
		C08544421CAA725B00969CBC /* Frameworks */ = {
			isa = PBXFrameworksBuildPhase;
			buildActionMask = 2147483647;
			files = (
			);
			runOnlyForDeploymentPostprocessing = 0;
		};
/* End PBXFrameworksBuildPhase section */

/* Begin PBXGroup section */
		C085443C1CAA725B00969CBC = {
			isa = PBXGroup;
			children = (
				C08544471CAA725B00969CBC /* RandomColorWithMusic */,
				C08544461CAA725B00969CBC /* Products */,
			);
			sourceTree = "<group>";
		};
		C08544461CAA725B00969CBC /* Products */ = {
			isa = PBXGroup;
			children = (
				C08544451CAA725B00969CBC /* RandomColorWithMusic.app */,
			);
			name = Products;
			sourceTree = "<group>";
		};
		C08544471CAA725B00969CBC /* RandomColorWithMusic */ = {
			isa = PBXGroup;
			children = (
				C08544481CAA725B00969CBC /* AppDelegate.swift */,
				C085444A1CAA725B00969CBC /* ViewController.swift */,
				C085444C1CAA725B00969CBC /* Main.storyboard */,
				C085444F1CAA725B00969CBC /* Assets.xcassets */,
				C08544511CAA725B00969CBC /* LaunchScreen.storyboard */,
				C08544541CAA725B00969CBC /* Info.plist */,
			);
			path = RandomColorWithMusic;
			sourceTree = "<group>";
		};
/* End PBXGroup section */

/* Begin PBXNativeTarget section */
		C08544441CAA725B00969CBC /* RandomColorWithMusic */ = {
			isa = PBXNativeTarget;
			buildConfigurationList = C08544571CAA725B00969CBC /* Build configuration list for PBXNativeTarget "RandomColorWithMusic" */;
			buildPhases = (
				C08544411CAA725B00969CBC /* Sources */,
				C08544421CAA725B00969CBC /* Frameworks */,
				C08544431CAA725B00969CBC /* Resources */,
			);
			buildRules = (
			);
			dependencies = (
			);
			name = RandomColorWithMusic;
			productName = RandomColorWithMusic;
			productReference = C08544451CAA725B00969CBC /* RandomColorWithMusic.app */;
			productType = "com.apple.product-type.application";
		};
/* End PBXNativeTarget section */

/* Begin PBXProject section */
		C085443D1CAA725B00969CBC /* Project object */ = {
			isa = PBXProject;
			attributes = {
				LastSwiftUpdateCheck = 0730;
				LastUpgradeCheck = 0930;
				ORGANIZATIONNAME = hanson;
				TargetAttributes = {
					C08544441CAA725B00969CBC = {
						CreatedOnToolsVersion = 7.3;
						DevelopmentTeam = BM6K3RMBX6;
						LastSwiftMigration = 0900;
					};
				};
			};
			buildConfigurationList = C08544401CAA725B00969CBC /* Build configuration list for PBXProject "RandomColorWithMusic" */;
			compatibilityVersion = "Xcode 3.2";
			developmentRegion = English;
			hasScannedForEncodings = 0;
			knownRegions = (
				en,
				Base,
			);
			mainGroup = C085443C1CAA725B00969CBC;
			productRefGroup = C08544461CAA725B00969CBC /* Products */;
			projectDirPath = "";
			projectRoot = "";
			targets = (
				C08544441CAA725B00969CBC /* RandomColorWithMusic */,
			);
		};
/* End PBXProject section */

/* Begin PBXResourcesBuildPhase section */
		C08544431CAA725B00969CBC /* Resources */ = {
			isa = PBXResourcesBuildPhase;
			buildActionMask = 2147483647;
			files = (
				C08544531CAA725B00969CBC /* LaunchScreen.storyboard in Resources */,
				C08544501CAA725B00969CBC /* Assets.xcassets in Resources */,
				C085444E1CAA725B00969CBC /* Main.storyboard in Resources */,
			);
			runOnlyForDeploymentPostprocessing = 0;
		};
/* End PBXResourcesBuildPhase section */

/* Begin PBXSourcesBuildPhase section */
		C08544411CAA725B00969CBC /* Sources */ = {
			isa = PBXSourcesBuildPhase;
			buildActionMask = 2147483647;
			files = (
				C085444B1CAA725B00969CBC /* ViewController.swift in Sources */,
				C08544491CAA725B00969CBC /* AppDelegate.swift in Sources */,
			);
			runOnlyForDeploymentPostprocessing = 0;
		};
/* End PBXSourcesBuildPhase section */

/* Begin PBXVariantGroup section */
		C085444C1CAA725B00969CBC /* Main.storyboard */ = {
			isa = PBXVariantGroup;
			children = (
				C085444D1CAA725B00969CBC /* Base */,
			);
			name = Main.storyboard;
			sourceTree = "<group>";
		};
		C08544511CAA725B00969CBC /* LaunchScreen.storyboard */ = {
			isa = PBXVariantGroup;
			children = (
				C08544521CAA725B00969CBC /* Base */,
			);
			name = LaunchScreen.storyboard;
			sourceTree = "<group>";
		};
/* End PBXVariantGroup section */

/* Begin XCBuildConfiguration section */
		C08544551CAA725B00969CBC /* Debug */ = {
			isa = XCBuildConfiguration;
			buildSettings = {
				ALWAYS_SEARCH_USER_PATHS = NO;
				CLANG_ANALYZER_NONNULL = YES;
				CLANG_CXX_LANGUAGE_STANDARD = "gnu++0x";
				CLANG_CXX_LIBRARY = "libc++";
				CLANG_ENABLE_MODULES = YES;
				CLANG_ENABLE_OBJC_ARC = YES;
				CLANG_WARN_BLOCK_CAPTURE_AUTORELEASING = YES;
				CLANG_WARN_BOOL_CONVERSION = YES;
				CLANG_WARN_COMMA = YES;
				CLANG_WARN_CONSTANT_CONVERSION = YES;
				CLANG_WARN_DEPRECATED_OBJC_IMPLEMENTATIONS = YES;
				CLANG_WARN_DIRECT_OBJC_ISA_USAGE = YES_ERROR;
				CLANG_WARN_EMPTY_BODY = YES;
				CLANG_WARN_ENUM_CONVERSION = YES;
				CLANG_WARN_INFINITE_RECURSION = YES;
				CLANG_WARN_INT_CONVERSION = YES;
				CLANG_WARN_NON_LITERAL_NULL_CONVERSION = YES;
				CLANG_WARN_OBJC_IMPLICIT_RETAIN_SELF = YES;
				CLANG_WARN_OBJC_LITERAL_CONVERSION = YES;
				CLANG_WARN_OBJC_ROOT_CLASS = YES_ERROR;
				CLANG_WARN_RANGE_LOOP_ANALYSIS = YES;
				CLANG_WARN_STRICT_PROTOTYPES = YES;
				CLANG_WARN_SUSPICIOUS_MOVE = YES;
				CLANG_WARN_UNREACHABLE_CODE = YES;
				CLANG_WARN__DUPLICATE_METHOD_MATCH = YES;
				"CODE_SIGN_IDENTITY[sdk=iphoneos*]" = "iPhone Developer";
				COPY_PHASE_STRIP = NO;
				DEBUG_INFORMATION_FORMAT = dwarf;
				ENABLE_STRICT_OBJC_MSGSEND = YES;
				ENABLE_TESTABILITY = YES;
				GCC_C_LANGUAGE_STANDARD = gnu99;
				GCC_DYNAMIC_NO_PIC = NO;
				GCC_NO_COMMON_BLOCKS = YES;
				GCC_OPTIMIZATION_LEVEL = 0;
				GCC_PREPROCESSOR_DEFINITIONS = (
					"DEBUG=1",
					"$(inherited)",
				);
				GCC_WARN_64_TO_32_BIT_CONVERSION = YES;
				GCC_WARN_ABOUT_RETURN_TYPE = YES_ERROR;
				GCC_WARN_UNDECLARED_SELECTOR = YES;
				GCC_WARN_UNINITIALIZED_AUTOS = YES_AGGRESSIVE;
				GCC_WARN_UNUSED_FUNCTION = YES;
				GCC_WARN_UNUSED_VARIABLE = YES;
				IPHONEOS_DEPLOYMENT_TARGET = 9.3;
				MTL_ENABLE_DEBUG_INFO = YES;
				ONLY_ACTIVE_ARCH = YES;
				SDKROOT = iphoneos;
				SWIFT_OPTIMIZATION_LEVEL = "-Onone";
				TARGETED_DEVICE_FAMILY = "1,2";
			};
			name = Debug;
		};
		C08544561CAA725B00969CBC /* Release */ = {
			isa = XCBuildConfiguration;
			buildSettings = {
				ALWAYS_SEARCH_USER_PATHS = NO;
				CLANG_ANALYZER_NONNULL = YES;
				CLANG_CXX_LANGUAGE_STANDARD = "gnu++0x";
				CLANG_CXX_LIBRARY = "libc++";
				CLANG_ENABLE_MODULES = YES;
				CLANG_ENABLE_OBJC_ARC = YES;
				CLANG_WARN_BLOCK_CAPTURE_AUTORELEASING = YES;
				CLANG_WARN_BOOL_CONVERSION = YES;
				CLANG_WARN_COMMA = YES;
				CLANG_WARN_CONSTANT_CONVERSION = YES;
				CLANG_WARN_DEPRECATED_OBJC_IMPLEMENTATIONS = YES;
				CLANG_WARN_DIRECT_OBJC_ISA_USAGE = YES_ERROR;
				CLANG_WARN_EMPTY_BODY = YES;
				CLANG_WARN_ENUM_CONVERSION = YES;
				CLANG_WARN_INFINITE_RECURSION = YES;
				CLANG_WARN_INT_CONVERSION = YES;
				CLANG_WARN_NON_LITERAL_NULL_CONVERSION = YES;
				CLANG_WARN_OBJC_IMPLICIT_RETAIN_SELF = YES;
				CLANG_WARN_OBJC_LITERAL_CONVERSION = YES;
				CLANG_WARN_OBJC_ROOT_CLASS = YES_ERROR;
				CLANG_WARN_RANGE_LOOP_ANALYSIS = YES;
				CLANG_WARN_STRICT_PROTOTYPES = YES;
				CLANG_WARN_SUSPICIOUS_MOVE = YES;
				CLANG_WARN_UNREACHABLE_CODE = YES;
				CLANG_WARN__DUPLICATE_METHOD_MATCH = YES;
				"CODE_SIGN_IDENTITY[sdk=iphoneos*]" = "iPhone Developer";
				COPY_PHASE_STRIP = NO;
				DEBUG_INFORMATION_FORMAT = "dwarf-with-dsym";
				ENABLE_NS_ASSERTIONS = NO;
				ENABLE_STRICT_OBJC_MSGSEND = YES;
				GCC_C_LANGUAGE_STANDARD = gnu99;
				GCC_NO_COMMON_BLOCKS = YES;
				GCC_WARN_64_TO_32_BIT_CONVERSION = YES;
				GCC_WARN_ABOUT_RETURN_TYPE = YES_ERROR;
				GCC_WARN_UNDECLARED_SELECTOR = YES;
				GCC_WARN_UNINITIALIZED_AUTOS = YES_AGGRESSIVE;
				GCC_WARN_UNUSED_FUNCTION = YES;
				GCC_WARN_UNUSED_VARIABLE = YES;
				IPHONEOS_DEPLOYMENT_TARGET = 9.3;
				MTL_ENABLE_DEBUG_INFO = NO;
				SDKROOT = iphoneos;
				SWIFT_COMPILATION_MODE = wholemodule;
				TARGETED_DEVICE_FAMILY = "1,2";
				VALIDATE_PRODUCT = YES;
			};
			name = Release;
		};
		C08544581CAA725B00969CBC /* Debug */ = {
			isa = XCBuildConfiguration;
			buildSettings = {
				ASSETCATALOG_COMPILER_APPICON_NAME = AppIcon;
				INFOPLIST_FILE = RandomColorWithMusic/Info.plist;
				LD_RUNPATH_SEARCH_PATHS = "$(inherited) @executable_path/Frameworks";
				PRODUCT_BUNDLE_IDENTIFIER = org.hanson.RandomColorWithMusic;
				PRODUCT_NAME = "$(TARGET_NAME)";
				SWIFT_SWIFT3_OBJC_INFERENCE = Default;
				SWIFT_VERSION = 4.0;
			};
			name = Debug;
		};
		C08544591CAA725B00969CBC /* Release */ = {
			isa = XCBuildConfiguration;
			buildSettings = {
				ASSETCATALOG_COMPILER_APPICON_NAME = AppIcon;
				INFOPLIST_FILE = RandomColorWithMusic/Info.plist;
				LD_RUNPATH_SEARCH_PATHS = "$(inherited) @executable_path/Frameworks";
				PRODUCT_BUNDLE_IDENTIFIER = org.hanson.RandomColorWithMusic;
				PRODUCT_NAME = "$(TARGET_NAME)";
				SWIFT_SWIFT3_OBJC_INFERENCE = Default;
				SWIFT_VERSION = 4.0;
			};
			name = Release;
		};
/* End XCBuildConfiguration section */

/* Begin XCConfigurationList section */
		C08544401CAA725B00969CBC /* Build configuration list for PBXProject "RandomColorWithMusic" */ = {
			isa = XCConfigurationList;
			buildConfigurations = (
				C08544551CAA725B00969CBC /* Debug */,
				C08544561CAA725B00969CBC /* Release */,
			);
			defaultConfigurationIsVisible = 0;
			defaultConfigurationName = Release;
		};
		C08544571CAA725B00969CBC /* Build configuration list for PBXNativeTarget "RandomColorWithMusic" */ = {
			isa = XCConfigurationList;
			buildConfigurations = (
				C08544581CAA725B00969CBC /* Debug */,
				C08544591CAA725B00969CBC /* Release */,
			);
			defaultConfigurationIsVisible = 0;
			defaultConfigurationName = Release;
		};
/* End XCConfigurationList section */
	};
	rootObject = C085443D1CAA725B00969CBC /* Project object */;
}
